{
    "name": "@keyrier/core",
    "version": "1.1.22",
    "lockfileVersion": 1,
    "requires": true,
    "dependencies": {
        "@types/easy-table": {
            "version": "0.0.32",
            "resolved": "https://registry.npmjs.org/@types/easy-table/-/easy-table-0.0.32.tgz",
            "integrity": "sha512-zKh0f/ixYFnr3Ldf5ZJTi1ZpnRqAynTTtVyGvWDf/TT12asE8ac98t3/WGWfFdRPp/qsccxg82C/Kl3NPNhqEw==",
            "dev": true
        }
    }
}
